// !$*UTF8*$!
{
	archiveVersion = 1;
	classes = {
	};
	objectVersion = 56;
	objects = {

/* Begin PBXBuildFile section */
		E1DEBD202BCF584600DFE35E /* ReminderAppApp.swift in Sources */ = {isa = PBXBuildFile; fileRef = E1DEBD1F2BCF584600DFE35E /* ReminderAppApp.swift */; };
		E1DEBD222BCF584600DFE35E /* ContentView.swift in Sources */ = {isa = PBXBuildFile; fileRef = E1DEBD212BCF584600DFE35E /* ContentView.swift */; };
		E1DEBD242BCF584700DFE35E /* Assets.xcassets in Resources */ = {isa = PBXBuildFile; fileRef = E1DEBD232BCF584700DFE35E /* Assets.xcassets */; };
		E1DEBD272BCF584700DFE35E /* Preview Assets.xcassets in Resources */ = {isa = PBXBuildFile; fileRef = E1DEBD262BCF584700DFE35E /* Preview Assets.xcassets */; };
		E1DEBD312BCF584800DFE35E /* ReminderAppTests.swift in Sources */ = {isa = PBXBuildFile; fileRef = E1DEBD302BCF584800DFE35E /* ReminderAppTests.swift */; };
		E1DEBD3B2BCF584800DFE35E /* ReminderAppUITests.swift in Sources */ = {isa = PBXBuildFile; fileRef = E1DEBD3A2BCF584800DFE35E /* ReminderAppUITests.swift */; };
		E1DEBD3D2BCF584800DFE35E /* ReminderAppUITestsLaunchTests.swift in Sources */ = {isa = PBXBuildFile; fileRef = E1DEBD3C2BCF584800DFE35E /* ReminderAppUITestsLaunchTests.swift */; };
/* End PBXBuildFile section */

/* Begin PBXContainerItemProxy section */
		E1DEBD2D2BCF584700DFE35E /* PBXContainerItemProxy */ = {
			isa = PBXContainerItemProxy;
			containerPortal = E1DEBD142BCF584600DFE35E /* Project object */;
			proxyType = 1;
			remoteGlobalIDString = E1DEBD1B2BCF584600DFE35E;
			remoteInfo = ReminderApp;
		};
		E1DEBD372BCF584800DFE35E /* PBXContainerItemProxy */ = {
			isa = PBXContainerItemProxy;
			containerPortal = E1DEBD142BCF584600DFE35E /* Project object */;
			proxyType = 1;
			remoteGlobalIDString = E1DEBD1B2BCF584600DFE35E;
			remoteInfo = ReminderApp;
		};
/* End PBXContainerItemProxy section */

/* Begin PBXFileReference section */
		E1DEBD1C2BCF584600DFE35E /* ReminderApp.app */ = {isa = PBXFileReference; explicitFileType = wrapper.application; includeInIndex = 0; path = ReminderApp.app; sourceTree = BUILT_PRODUCTS_DIR; };
		E1DEBD1F2BCF584600DFE35E /* ReminderAppApp.swift */ = {isa = PBXFileReference; lastKnownFileType = sourcecode.swift; path = ReminderAppApp.swift; sourceTree = "<group>"; };
		E1DEBD212BCF584600DFE35E /* ContentView.swift */ = {isa = PBXFileReference; lastKnownFileType = sourcecode.swift; path = ContentView.swift; sourceTree = "<group>"; };
		E1DEBD232BCF584700DFE35E /* Assets.xcassets */ = {isa = PBXFileReference; lastKnownFileType = folder.assetcatalog; path = Assets.xcassets; sourceTree = "<group>"; };
		E1DEBD262BCF584700DFE35E /* Preview Assets.xcassets */ = {isa = PBXFileReference; lastKnownFileType = folder.assetcatalog; path = "Preview Assets.xcassets"; sourceTree = "<group>"; };
		E1DEBD2C2BCF584700DFE35E /* ReminderAppTests.xctest */ = {isa = PBXFileReference; explicitFileType = wrapper.cfbundle; includeInIndex = 0; path = ReminderAppTests.xctest; sourceTree = BUILT_PRODUCTS_DIR; };
		E1DEBD302BCF584800DFE35E /* ReminderAppTests.swift */ = {isa = PBXFileReference; lastKnownFileType = sourcecode.swift; path = ReminderAppTests.swift; sourceTree = "<group>"; };
		E1DEBD362BCF584800DFE35E /* ReminderAppUITests.xctest */ = {isa = PBXFileReference; explicitFileType = wrapper.cfbundle; includeInIndex = 0; path = ReminderAppUITests.xctest; sourceTree = BUILT_PRODUCTS_DIR; };
		E1DEBD3A2BCF584800DFE35E /* ReminderAppUITests.swift */ = {isa = PBXFileReference; lastKnownFileType = sourcecode.swift; path = ReminderAppUITests.swift; sourceTree = "<group>"; };
		E1DEBD3C2BCF584800DFE35E /* ReminderAppUITestsLaunchTests.swift */ = {isa = PBXFileReference; lastKnownFileType = sourcecode.swift; path = ReminderAppUITestsLaunchTests.swift; sourceTree = "<group>"; };
/* End PBXFileReference section */

/* Begin PBXFrameworksBuildPhase section */
		E1DEBD192BCF584600DFE35E /* Frameworks */ = {
			isa = PBXFrameworksBuildPhase;
			buildActionMask = 2147483647;
			files = (
			);
			runOnlyForDeploymentPostprocessing = 0;
		};
		E1DEBD292BCF584700DFE35E /* Frameworks */ = {
			isa = PBXFrameworksBuildPhase;
			buildActionMask = 2147483647;
			files = (
			);
			runOnlyForDeploymentPostprocessing = 0;
		};
		E1DEBD332BCF584800DFE35E /* Frameworks */ = {
			isa = PBXFrameworksBuildPhase;
			buildActionMask = 2147483647;
			files = (
			);
			runOnlyForDeploymentPostprocessing = 0;
		};
/* End PBXFrameworksBuildPhase section */

/* Begin PBXGroup section */
		E1DEBD132BCF584600DFE35E = {
			isa = PBXGroup;
			children = (
				E1DEBD1E2BCF584600DFE35E /* ReminderApp */,
				E1DEBD2F2BCF584700DFE35E /* ReminderAppTests */,
				E1DEBD392BCF584800DFE35E /* ReminderAppUITests */,
				E1DEBD1D2BCF584600DFE35E /* Products */,
			);
			sourceTree = "<group>";
		};
		E1DEBD1D2BCF584600DFE35E /* Products */ = {
			isa = PBXGroup;
			children = (
				E1DEBD1C2BCF584600DFE35E /* ReminderApp.app */,
				E1DEBD2C2BCF584700DFE35E /* ReminderAppTests.xctest */,
				E1DEBD362BCF584800DFE35E /* ReminderAppUITests.xctest */,
			);
			name = Products;
			sourceTree = "<group>";
		};
		E1DEBD1E2BCF584600DFE35E /* ReminderApp */ = {
			isa = PBXGroup;
			children = (
				E1DEBD1F2BCF584600DFE35E /* ReminderAppApp.swift */,
				E1DEBD212BCF584600DFE35E /* ContentView.swift */,
				E1DEBD232BCF584700DFE35E /* Assets.xcassets */,
				E1DEBD252BCF584700DFE35E /* Preview Content */,
			);
			path = ReminderApp;
			sourceTree = "<group>";
		};
		E1DEBD252BCF584700DFE35E /* Preview Content */ = {
			isa = PBXGroup;
			children = (
				E1DEBD262BCF584700DFE35E /* Preview Assets.xcassets */,
			);
			path = "Preview Content";
			sourceTree = "<group>";
		};
		E1DEBD2F2BCF584700DFE35E /* ReminderAppTests */ = {
			isa = PBXGroup;
			children = (
				E1DEBD302BCF584800DFE35E /* ReminderAppTests.swift */,
			);
			path = ReminderAppTests;
			sourceTree = "<group>";
		};
		E1DEBD392BCF584800DFE35E /* ReminderAppUITests */ = {
			isa = PBXGroup;
			children = (
				E1DEBD3A2BCF584800DFE35E /* ReminderAppUITests.swift */,
				E1DEBD3C2BCF584800DFE35E /* ReminderAppUITestsLaunchTests.swift */,
			);
			path = ReminderAppUITests;
			sourceTree = "<group>";
		};
/* End PBXGroup section */

/* Begin PBXNativeTarget section */
		E1DEBD1B2BCF584600DFE35E /* ReminderApp */ = {
			isa = PBXNativeTarget;
			buildConfigurationList = E1DEBD402BCF584800DFE35E /* Build configuration list for PBXNativeTarget "ReminderApp" */;
			buildPhases = (
				E1DEBD182BCF584600DFE35E /* Sources */,
				E1DEBD192BCF584600DFE35E /* Frameworks */,
				E1DEBD1A2BCF584600DFE35E /* Resources */,
			);
			buildRules = (
			);
			dependencies = (
			);
			name = ReminderApp;
			productName = ReminderApp;
			productReference = E1DEBD1C2BCF584600DFE35E /* ReminderApp.app */;
			productType = "com.apple.product-type.application";
		};
		E1DEBD2B2BCF584700DFE35E /* ReminderAppTests */ = {
			isa = PBXNativeTarget;
			buildConfigurationList = E1DEBD432BCF584800DFE35E /* Build configuration list for PBXNativeTarget "ReminderAppTests" */;
			buildPhases = (
				E1DEBD282BCF584700DFE35E /* Sources */,
				E1DEBD292BCF584700DFE35E /* Frameworks */,
				E1DEBD2A2BCF584700DFE35E /* Resources */,
			);
			buildRules = (
			);
			dependencies = (
				E1DEBD2E2BCF584700DFE35E /* PBXTargetDependency */,
			);
			name = ReminderAppTests;
			productName = ReminderAppTests;
			productReference = E1DEBD2C2BCF584700DFE35E /* ReminderAppTests.xctest */;
			productType = "com.apple.product-type.bundle.unit-test";
		};
		E1DEBD352BCF584800DFE35E /* ReminderAppUITests */ = {
			isa = PBXNativeTarget;
			buildConfigurationList = E1DEBD462BCF584800DFE35E /* Build configuration list for PBXNativeTarget "ReminderAppUITests" */;
			buildPhases = (
				E1DEBD322BCF584800DFE35E /* Sources */,
				E1DEBD332BCF584800DFE35E /* Frameworks */,
				E1DEBD342BCF584800DFE35E /* Resources */,
			);
			buildRules = (
			);
			dependencies = (
				E1DEBD382BCF584800DFE35E /* PBXTargetDependency */,
			);
			name = ReminderAppUITests;
			productName = ReminderAppUITests;
			productReference = E1DEBD362BCF584800DFE35E /* ReminderAppUITests.xctest */;
			productType = "com.apple.product-type.bundle.ui-testing";
		};
/* End PBXNativeTarget section */

/* Begin PBXProject section */
		E1DEBD142BCF584600DFE35E /* Project object */ = {
			isa = PBXProject;
			attributes = {
				BuildIndependentTargetsInParallel = 1;
				LastSwiftUpdateCheck = 1530;
				LastUpgradeCheck = 1530;
				TargetAttributes = {
					E1DEBD1B2BCF584600DFE35E = {
						CreatedOnToolsVersion = 15.3;
					};
					E1DEBD2B2BCF584700DFE35E = {
						CreatedOnToolsVersion = 15.3;
						TestTargetID = E1DEBD1B2BCF584600DFE35E;
					};
					E1DEBD352BCF584800DFE35E = {
						CreatedOnToolsVersion = 15.3;
						TestTargetID = E1DEBD1B2BCF584600DFE35E;
					};
				};
			};
			buildConfigurationList = E1DEBD172BCF584600DFE35E /* Build configuration list for PBXProject "ReminderApp" */;
			compatibilityVersion = "Xcode 14.0";
			developmentRegion = en;
			hasScannedForEncodings = 0;
			knownRegions = (
				en,
				Base,
			);
			mainGroup = E1DEBD132BCF584600DFE35E;
			productRefGroup = E1DEBD1D2BCF584600DFE35E /* Products */;
			projectDirPath = "";
			projectRoot = "";
			targets = (
				E1DEBD1B2BCF584600DFE35E /* ReminderApp */,
				E1DEBD2B2BCF584700DFE35E /* ReminderAppTests */,
				E1DEBD352BCF584800DFE35E /* ReminderAppUITests */,
			);
		};
/* End PBXProject section */

/* Begin PBXResourcesBuildPhase section */
		E1DEBD1A2BCF584600DFE35E /* Resources */ = {
			isa = PBXResourcesBuildPhase;
			buildActionMask = 2147483647;
			files = (
				E1DEBD272BCF584700DFE35E /* Preview Assets.xcassets in Resources */,
				E1DEBD242BCF584700DFE35E /* Assets.xcassets in Resources */,
			);
			runOnlyForDeploymentPostprocessing = 0;
		};
		E1DEBD2A2BCF584700DFE35E /* Resources */ = {
			isa = PBXResourcesBuildPhase;
			buildActionMask = 2147483647;
			files = (
			);
			runOnlyForDeploymentPostprocessing = 0;
		};
		E1DEBD342BCF584800DFE35E /* Resources */ = {
			isa = PBXResourcesBuildPhase;
			buildActionMask = 2147483647;
			files = (
			);
			runOnlyForDeploymentPostprocessing = 0;
		};
/* End PBXResourcesBuildPhase section */

/* Begin PBXSourcesBuildPhase section */
		E1DEBD182BCF584600DFE35E /* Sources */ = {
			isa = PBXSourcesBuildPhase;
			buildActionMask = 2147483647;
			files = (
				E1DEBD222BCF584600DFE35E /* ContentView.swift in Sources */,
				E1DEBD202BCF584600DFE35E /* ReminderAppApp.swift in Sources */,
			);
			runOnlyForDeploymentPostprocessing = 0;
		};
		E1DEBD282BCF584700DFE35E /* Sources */ = {
			isa = PBXSourcesBuildPhase;
			buildActionMask = 2147483647;
			files = (
				E1DEBD312BCF584800DFE35E /* ReminderAppTests.swift in Sources */,
			);
			runOnlyForDeploymentPostprocessing = 0;
		};
		E1DEBD322BCF584800DFE35E /* Sources */ = {
			isa = PBXSourcesBuildPhase;
			buildActionMask = 2147483647;
			files = (
				E1DEBD3D2BCF584800DFE35E /* ReminderAppUITestsLaunchTests.swift in Sources */,
				E1DEBD3B2BCF584800DFE35E /* ReminderAppUITests.swift in Sources */,
			);
			runOnlyForDeploymentPostprocessing = 0;
		};
/* End PBXSourcesBuildPhase section */

/* Begin PBXTargetDependency section */
		E1DEBD2E2BCF584700DFE35E /* PBXTargetDependency */ = {
			isa = PBXTargetDependency;
			target = E1DEBD1B2BCF584600DFE35E /* ReminderApp */;
			targetProxy = E1DEBD2D2BCF584700DFE35E /* PBXContainerItemProxy */;
		};
		E1DEBD382BCF584800DFE35E /* PBXTargetDependency */ = {
			isa = PBXTargetDependency;
			target = E1DEBD1B2BCF584600DFE35E /* ReminderApp */;
			targetProxy = E1DEBD372BCF584800DFE35E /* PBXContainerItemProxy */;
		};
/* End PBXTargetDependency section */

/* Begin XCBuildConfiguration section */
		E1DEBD3E2BCF584800DFE35E /* Debug */ = {
			isa = XCBuildConfiguration;
			buildSettings = {
				ALWAYS_SEARCH_USER_PATHS = NO;
				ASSETCATALOG_COMPILER_GENERATE_SWIFT_ASSET_SYMBOL_EXTENSIONS = YES;
				CLANG_ANALYZER_NONNULL = YES;
				CLANG_ANALYZER_NUMBER_OBJECT_CONVERSION = YES_AGGRESSIVE;
				CLANG_CXX_LANGUAGE_STANDARD = "gnu++20";
				CLANG_ENABLE_MODULES = YES;
				CLANG_ENABLE_OBJC_ARC = YES;
				CLANG_ENABLE_OBJC_WEAK = YES;
				CLANG_WARN_BLOCK_CAPTURE_AUTORELEASING = YES;
				CLANG_WARN_BOOL_CONVERSION = YES;
				CLANG_WARN_COMMA = YES;
				CLANG_WARN_CONSTANT_CONVERSION = YES;
				CLANG_WARN_DEPRECATED_OBJC_IMPLEMENTATIONS = YES;
				CLANG_WARN_DIRECT_OBJC_ISA_USAGE = YES_ERROR;
				CLANG_WARN_DOCUMENTATION_COMMENTS = YES;
				CLANG_WARN_EMPTY_BODY = YES;
				CLANG_WARN_ENUM_CONVERSION = YES;
				CLANG_WARN_INFINITE_RECURSION = YES;
				CLANG_WARN_INT_CONVERSION = YES;
				CLANG_WARN_NON_LITERAL_NULL_CONVERSION = YES;
				CLANG_WARN_OBJC_IMPLICIT_RETAIN_SELF = YES;
				CLANG_WARN_OBJC_LITERAL_CONVERSION = YES;
				CLANG_WARN_OBJC_ROOT_CLASS = YES_ERROR;
				CLANG_WARN_QUOTED_INCLUDE_IN_FRAMEWORK_HEADER = YES;
				CLANG_WARN_RANGE_LOOP_ANALYSIS = YES;
				CLANG_WARN_STRICT_PROTOTYPES = YES;
				CLANG_WARN_SUSPICIOUS_MOVE = YES;
				CLANG_WARN_UNGUARDED_AVAILABILITY = YES_AGGRESSIVE;
				CLANG_WARN_UNREACHABLE_CODE = YES;
				CLANG_WARN__DUPLICATE_METHOD_MATCH = YES;
				COPY_PHASE_STRIP = NO;
				DEBUG_INFORMATION_FORMAT = dwarf;
				ENABLE_STRICT_OBJC_MSGSEND = YES;
				ENABLE_TESTABILITY = YES;
				ENABLE_USER_SCRIPT_SANDBOXING = YES;
				GCC_C_LANGUAGE_STANDARD = gnu17;
				GCC_DYNAMIC_NO_PIC = NO;
				GCC_NO_COMMON_BLOCKS = YES;
				GCC_OPTIMIZATION_LEVEL = 0;
				GCC_PREPROCESSOR_DEFINITIONS = (
					"DEBUG=1",
					"$(inherited)",
				);
				GCC_WARN_64_TO_32_BIT_CONVERSION = YES;
				GCC_WARN_ABOUT_RETURN_TYPE = YES_ERROR;
				GCC_WARN_UNDECLARED_SELECTOR = YES;
				GCC_WARN_UNINITIALIZED_AUTOS = YES_AGGRESSIVE;
				GCC_WARN_UNUSED_FUNCTION = YES;
				GCC_WARN_UNUSED_VARIABLE = YES;
				IPHONEOS_DEPLOYMENT_TARGET = 17.4;
				LOCALIZATION_PREFERS_STRING_CATALOGS = YES;
				MTL_ENABLE_DEBUG_INFO = INCLUDE_SOURCE;
				MTL_FAST_MATH = YES;
				ONLY_ACTIVE_ARCH = YES;
				SDKROOT = iphoneos;
				SWIFT_ACTIVE_COMPILATION_CONDITIONS = "DEBUG $(inherited)";
				SWIFT_OPTIMIZATION_LEVEL = "-Onone";
			};
			name = Debug;
		};
		E1DEBD3F2BCF584800DFE35E /* Release */ = {
			isa = XCBuildConfiguration;
			buildSettings = {
				ALWAYS_SEARCH_USER_PATHS = NO;
				ASSETCATALOG_COMPILER_GENERATE_SWIFT_ASSET_SYMBOL_EXTENSIONS = YES;
				CLANG_ANALYZER_NONNULL = YES;
				CLANG_ANALYZER_NUMBER_OBJECT_CONVERSION = YES_AGGRESSIVE;
				CLANG_CXX_LANGUAGE_STANDARD = "gnu++20";
				CLANG_ENABLE_MODULES = YES;
				CLANG_ENABLE_OBJC_ARC = YES;
				CLANG_ENABLE_OBJC_WEAK = YES;
				CLANG_WARN_BLOCK_CAPTURE_AUTORELEASING = YES;
				CLANG_WARN_BOOL_CONVERSION = YES;
				CLANG_WARN_COMMA = YES;
				CLANG_WARN_CONSTANT_CONVERSION = YES;
				CLANG_WARN_DEPRECATED_OBJC_IMPLEMENTATIONS = YES;
				CLANG_WARN_DIRECT_OBJC_ISA_USAGE = YES_ERROR;
				CLANG_WARN_DOCUMENTATION_COMMENTS = YES;
				CLANG_WARN_EMPTY_BODY = YES;
				CLANG_WARN_ENUM_CONVERSION = YES;
				CLANG_WARN_INFINITE_RECURSION = YES;
				CLANG_WARN_INT_CONVERSION = YES;
				CLANG_WARN_NON_LITERAL_NULL_CONVERSION = YES;
				CLANG_WARN_OBJC_IMPLICIT_RETAIN_SELF = YES;
				CLANG_WARN_OBJC_LITERAL_CONVERSION = YES;
				CLANG_WARN_OBJC_ROOT_CLASS = YES_ERROR;
				CLANG_WARN_QUOTED_INCLUDE_IN_FRAMEWORK_HEADER = YES;
				CLANG_WARN_RANGE_LOOP_ANALYSIS = YES;
				CLANG_WARN_STRICT_PROTOTYPES = YES;
				CLANG_WARN_SUSPICIOUS_MOVE = YES;
				CLANG_WARN_UNGUARDED_AVAILABILITY = YES_AGGRESSIVE;
				CLANG_WARN_UNREACHABLE_CODE = YES;
				CLANG_WARN__DUPLICATE_METHOD_MATCH = YES;
				COPY_PHASE_STRIP = NO;
				DEBUG_INFORMATION_FORMAT = "dwarf-with-dsym";
				ENABLE_NS_ASSERTIONS = NO;
				ENABLE_STRICT_OBJC_MSGSEND = YES;
				ENABLE_USER_SCRIPT_SANDBOXING = YES;
				GCC_C_LANGUAGE_STANDARD = gnu17;
				GCC_NO_COMMON_BLOCKS = YES;
				GCC_WARN_64_TO_32_BIT_CONVERSION = YES;
				GCC_WARN_ABOUT_RETURN_TYPE = YES_ERROR;
				GCC_WARN_UNDECLARED_SELECTOR = YES;
				GCC_WARN_UNINITIALIZED_AUTOS = YES_AGGRESSIVE;
				GCC_WARN_UNUSED_FUNCTION = YES;
				GCC_WARN_UNUSED_VARIABLE = YES;
				IPHONEOS_DEPLOYMENT_TARGET = 17.4;
				LOCALIZATION_PREFERS_STRING_CATALOGS = YES;
				MTL_ENABLE_DEBUG_INFO = NO;
				MTL_FAST_MATH = YES;
				SDKROOT = iphoneos;
				SWIFT_COMPILATION_MODE = wholemodule;
				VALIDATE_PRODUCT = YES;
			};
			name = Release;
		};
		E1DEBD412BCF584800DFE35E /* Debug */ = {
			isa = XCBuildConfiguration;
			buildSettings = {
				ASSETCATALOG_COMPILER_APPICON_NAME = AppIcon;
				ASSETCATALOG_COMPILER_GLOBAL_ACCENT_COLOR_NAME = AccentColor;
				CODE_SIGN_STYLE = Automatic;
				CURRENT_PROJECT_VERSION = 1;
				DEVELOPMENT_ASSET_PATHS = "\"ReminderApp/Preview Content\"";
				ENABLE_PREVIEWS = YES;
				GENERATE_INFOPLIST_FILE = YES;
				INFOPLIST_KEY_UIApplicationSceneManifest_Generation = YES;
				INFOPLIST_KEY_UIApplicationSupportsIndirectInputEvents = YES;
				INFOPLIST_KEY_UILaunchScreen_Generation = YES;
				INFOPLIST_KEY_UISupportedInterfaceOrientations_iPad = "UIInterfaceOrientationPortrait UIInterfaceOrientationPortraitUpsideDown UIInterfaceOrientationLandscapeLeft UIInterfaceOrientationLandscapeRight";
				INFOPLIST_KEY_UISupportedInterfaceOrientations_iPhone = "UIInterfaceOrientationPortrait UIInterfaceOrientationLandscapeLeft UIInterfaceOrientationLandscapeRight";
				LD_RUNPATH_SEARCH_PATHS = (
					"$(inherited)",
					"@executable_path/Frameworks",
				);
				MARKETING_VERSION = 1.0;
				PRODUCT_BUNDLE_IDENTIFIER = edu.auburn.onlinecsse.ReminderApp;
				PRODUCT_NAME = "$(TARGET_NAME)";
				SWIFT_EMIT_LOC_STRINGS = YES;
				SWIFT_VERSION = 5.0;
				TARGETED_DEVICE_FAMILY = "1,2";
			};
			name = Debug;
		};
		E1DEBD422BCF584800DFE35E /* Release */ = {
			isa = XCBuildConfiguration;
			buildSettings = {
				ASSETCATALOG_COMPILER_APPICON_NAME = AppIcon;
				ASSETCATALOG_COMPILER_GLOBAL_ACCENT_COLOR_NAME = AccentColor;
				CODE_SIGN_STYLE = Automatic;
				CURRENT_PROJECT_VERSION = 1;
				DEVELOPMENT_ASSET_PATHS = "\"ReminderApp/Preview Content\"";
				ENABLE_PREVIEWS = YES;
				GENERATE_INFOPLIST_FILE = YES;
				INFOPLIST_KEY_UIApplicationSceneManifest_Generation = YES;
				INFOPLIST_KEY_UIApplicationSupportsIndirectInputEvents = YES;
				INFOPLIST_KEY_UILaunchScreen_Generation = YES;
				INFOPLIST_KEY_UISupportedInterfaceOrientations_iPad = "UIInterfaceOrientationPortrait UIInterfaceOrientationPortraitUpsideDown UIInterfaceOrientationLandscapeLeft UIInterfaceOrientationLandscapeRight";
				INFOPLIST_KEY_UISupportedInterfaceOrientations_iPhone = "UIInterfaceOrientationPortrait UIInterfaceOrientationLandscapeLeft UIInterfaceOrientationLandscapeRight";
				LD_RUNPATH_SEARCH_PATHS = (
					"$(inherited)",
					"@executable_path/Frameworks",
				);
				MARKETING_VERSION = 1.0;
				PRODUCT_BUNDLE_IDENTIFIER = edu.auburn.onlinecsse.ReminderApp;
				PRODUCT_NAME = "$(TARGET_NAME)";
				SWIFT_EMIT_LOC_STRINGS = YES;
				SWIFT_VERSION = 5.0;
				TARGETED_DEVICE_FAMILY = "1,2";
			};
			name = Release;
		};
		E1DEBD442BCF584800DFE35E /* Debug */ = {
			isa = XCBuildConfiguration;
			buildSettings = {
				ALWAYS_EMBED_SWIFT_STANDARD_LIBRARIES = YES;
				BUNDLE_LOADER = "$(TEST_HOST)";
				CODE_SIGN_STYLE = Automatic;
				CURRENT_PROJECT_VERSION = 1;
				GENERATE_INFOPLIST_FILE = YES;
				IPHONEOS_DEPLOYMENT_TARGET = 17.4;
				MARKETING_VERSION = 1.0;
				PRODUCT_BUNDLE_IDENTIFIER = edu.auburn.onlinecsse.ReminderAppTests;
				PRODUCT_NAME = "$(TARGET_NAME)";
				SWIFT_EMIT_LOC_STRINGS = NO;
				SWIFT_VERSION = 5.0;
				TARGETED_DEVICE_FAMILY = "1,2";
				TEST_HOST = "$(BUILT_PRODUCTS_DIR)/ReminderApp.app/$(BUNDLE_EXECUTABLE_FOLDER_PATH)/ReminderApp";
			};
			name = Debug;
		};
		E1DEBD452BCF584800DFE35E /* Release */ = {
			isa = XCBuildConfiguration;
			buildSettings = {
				ALWAYS_EMBED_SWIFT_STANDARD_LIBRARIES = YES;
				BUNDLE_LOADER = "$(TEST_HOST)";
				CODE_SIGN_STYLE = Automatic;
				CURRENT_PROJECT_VERSION = 1;
				GENERATE_INFOPLIST_FILE = YES;
				IPHONEOS_DEPLOYMENT_TARGET = 17.4;
				MARKETING_VERSION = 1.0;
				PRODUCT_BUNDLE_IDENTIFIER = edu.auburn.onlinecsse.ReminderAppTests;
				PRODUCT_NAME = "$(TARGET_NAME)";
				SWIFT_EMIT_LOC_STRINGS = NO;
				SWIFT_VERSION = 5.0;
				TARGETED_DEVICE_FAMILY = "1,2";
				TEST_HOST = "$(BUILT_PRODUCTS_DIR)/ReminderApp.app/$(BUNDLE_EXECUTABLE_FOLDER_PATH)/ReminderApp";
			};
			name = Release;
		};
		E1DEBD472BCF584800DFE35E /* Debug */ = {
			isa = XCBuildConfiguration;
			buildSettings = {
				ALWAYS_EMBED_SWIFT_STANDARD_LIBRARIES = YES;
				CODE_SIGN_STYLE = Automatic;
				CURRENT_PROJECT_VERSION = 1;
				GENERATE_INFOPLIST_FILE = YES;
				MARKETING_VERSION = 1.0;
				PRODUCT_BUNDLE_IDENTIFIER = edu.auburn.onlinecsse.ReminderAppUITests;
				PRODUCT_NAME = "$(TARGET_NAME)";
				SWIFT_EMIT_LOC_STRINGS = NO;
				SWIFT_VERSION = 5.0;
				TARGETED_DEVICE_FAMILY = "1,2";
				TEST_TARGET_NAME = ReminderApp;
			};
			name = Debug;
		};
		E1DEBD482BCF584800DFE35E /* Release */ = {
			isa = XCBuildConfiguration;
			buildSettings = {
				ALWAYS_EMBED_SWIFT_STANDARD_LIBRARIES = YES;
				CODE_SIGN_STYLE = Automatic;
				CURRENT_PROJECT_VERSION = 1;
				GENERATE_INFOPLIST_FILE = YES;
				MARKETING_VERSION = 1.0;
				PRODUCT_BUNDLE_IDENTIFIER = edu.auburn.onlinecsse.ReminderAppUITests;
				PRODUCT_NAME = "$(TARGET_NAME)";
				SWIFT_EMIT_LOC_STRINGS = NO;
				SWIFT_VERSION = 5.0;
				TARGETED_DEVICE_FAMILY = "1,2";
				TEST_TARGET_NAME = ReminderApp;
			};
			name = Release;
		};
/* End XCBuildConfiguration section */

/* Begin XCConfigurationList section */
		E1DEBD172BCF584600DFE35E /* Build configuration list for PBXProject "ReminderApp" */ = {
			isa = XCConfigurationList;
			buildConfigurations = (
				E1DEBD3E2BCF584800DFE35E /* Debug */,
				E1DEBD3F2BCF584800DFE35E /* Release */,
			);
			defaultConfigurationIsVisible = 0;
			defaultConfigurationName = Release;
		};
		E1DEBD402BCF584800DFE35E /* Build configuration list for PBXNativeTarget "ReminderApp" */ = {
			isa = XCConfigurationList;
			buildConfigurations = (
				E1DEBD412BCF584800DFE35E /* Debug */,
				E1DEBD422BCF584800DFE35E /* Release */,
			);
			defaultConfigurationIsVisible = 0;
			defaultConfigurationName = Release;
		};
		E1DEBD432BCF584800DFE35E /* Build configuration list for PBXNativeTarget "ReminderAppTests" */ = {
			isa = XCConfigurationList;
			buildConfigurations = (
				E1DEBD442BCF584800DFE35E /* Debug */,
				E1DEBD452BCF584800DFE35E /* Release */,
			);
			defaultConfigurationIsVisible = 0;
			defaultConfigurationName = Release;
		};
		E1DEBD462BCF584800DFE35E /* Build configuration list for PBXNativeTarget "ReminderAppUITests" */ = {
			isa = XCConfigurationList;
			buildConfigurations = (
				E1DEBD472BCF584800DFE35E /* Debug */,
				E1DEBD482BCF584800DFE35E /* Release */,
			);
			defaultConfigurationIsVisible = 0;
			defaultConfigurationName = Release;
		};
/* End XCConfigurationList section */
	};
	rootObject = E1DEBD142BCF584600DFE35E /* Project object */;
}
